Microsoft Visual Studio Solution File, Format Version 12.00
Project("{FAE04EC0-301F-11D3-BF4B-00C04F79EFBC}") = "Zylance.Desktop", "Zylance.Desktop\Zylance.Desktop.csproj", "{E39B0693-39E5-41F6-8542-87594D671E65}"
EndProject
Project("{FAE04EC0-301F-11D3-BF4B-00C04F79EFBC}") = "Zylance.Core", "Zylance.Core\Zylance.Core.csproj", "{9C67CCBB-568C-41A4-89C8-6492DB4C1BD2}"
EndProject
Project("{FAE04EC0-301F-11D3-BF4B-00C04F79EFBC}") = "Zylance.UI", "Zylance.UI\Zylance.UI.csproj", "{81D3D7C1-7583-43A6-93D2-654196A533E2}"
EndProject
Project("{FAE04EC0-301F-11D3-BF4B-00C04F79EFBC}") = "Zylance.Contract", "Zylance.Contract\Zylance.Contract.csproj", "{FA266739-4CFF-4AD7-997A-50D257B68832}"
EndProject
Project("{FAE04EC0-301F-11D3-BF4B-00C04F79EFBC}") = "Zylance.Vault.Local", "Zylance.Vault.Local\Zylance.Vault.Local.csproj", "{8C7FD4B8-FB87-4674-BC5E-4FA3AB8F5357}"
EndProject
Project("{FAE04EC0-301F-11D3-BF4B-00C04F79EFBC}") = "Zylance.SourceGenerators", "Zylance.SourceGenerators\Zylance.SourceGenerators.csproj", "{D16E2F9E-293F-4FAF-9289-5C6FD53348CA}"
EndProject
Project("{FAE04EC0-301F-11D3-BF4B-00C04F79EFBC}") = "Zylance.Core.Tests", "Zylance.Core.Tests\Zylance.Core.Tests.csproj", "{596E23AD-8C60-4C41-9DEA-A6EA75BEFCAD}"
EndProject
Project("{FAE04EC0-301F-11D3-BF4B-00C04F79EFBC}") = "Zylance.Desktop.Tests", "Zylance.Desktop.Tests\Zylance.Desktop.Tests.csproj", "{3C538E34-A8F1-4E6E-AFFB-5AFE34A8BECA}"
EndProject
Project("{FAE04EC0-301F-11D3-BF4B-00C04F79EFBC}") = "Zylance.Vault.Local.Tests", "Zylance.Vault.Local.Tests\Zylance.Vault.Local.Tests.csproj", "{685E6C89-803A-4853-B600-51B324FB618B}"
EndProject
Global
	GlobalSection(SolutionConfigurationPlatforms) = preSolution
		Debug|Any CPU = Debug|Any CPU
		Release|Any CPU = Release|Any CPU
	EndGlobalSection
	GlobalSection(ProjectConfigurationPlatforms) = postSolution
		{E39B0693-39E5-41F6-8542-87594D671E65}.Debug|Any CPU.ActiveCfg = Debug|Any CPU
		{E39B0693-39E5-41F6-8542-87594D671E65}.Debug|Any CPU.Build.0 = Debug|Any CPU
		{E39B0693-39E5-41F6-8542-87594D671E65}.Release|Any CPU.ActiveCfg = Release|Any CPU
		{E39B0693-39E5-41F6-8542-87594D671E65}.Release|Any CPU.Build.0 = Release|Any CPU
		{9C67CCBB-568C-41A4-89C8-6492DB4C1BD2}.Debug|Any CPU.ActiveCfg = Debug|Any CPU
		{9C67CCBB-568C-41A4-89C8-6492DB4C1BD2}.Debug|Any CPU.Build.0 = Debug|Any CPU
		{9C67CCBB-568C-41A4-89C8-6492DB4C1BD2}.Release|Any CPU.ActiveCfg = Release|Any CPU
		{9C67CCBB-568C-41A4-89C8-6492DB4C1BD2}.Release|Any CPU.Build.0 = Release|Any CPU
		{81D3D7C1-7583-43A6-93D2-654196A533E2}.Debug|Any CPU.ActiveCfg = Debug|Any CPU
		{81D3D7C1-7583-43A6-93D2-654196A533E2}.Debug|Any CPU.Build.0 = Debug|Any CPU
		{81D3D7C1-7583-43A6-93D2-654196A533E2}.Release|Any CPU.ActiveCfg = Release|Any CPU
		{81D3D7C1-7583-43A6-93D2-654196A533E2}.Release|Any CPU.Build.0 = Release|Any CPU
		{FA266739-4CFF-4AD7-997A-50D257B68832}.Debug|Any CPU.ActiveCfg = Debug|Any CPU
		{FA266739-4CFF-4AD7-997A-50D257B68832}.Debug|Any CPU.Build.0 = Debug|Any CPU
		{FA266739-4CFF-4AD7-997A-50D257B68832}.Release|Any CPU.ActiveCfg = Release|Any CPU
		{FA266739-4CFF-4AD7-997A-50D257B68832}.Release|Any CPU.Build.0 = Release|Any CPU
		{8C7FD4B8-FB87-4674-BC5E-4FA3AB8F5357}.Debug|Any CPU.ActiveCfg = Debug|Any CPU
		{8C7FD4B8-FB87-4674-BC5E-4FA3AB8F5357}.Debug|Any CPU.Build.0 = Debug|Any CPU
		{8C7FD4B8-FB87-4674-BC5E-4FA3AB8F5357}.Release|Any CPU.ActiveCfg = Release|Any CPU
		{8C7FD4B8-FB87-4674-BC5E-4FA3AB8F5357}.Release|Any CPU.Build.0 = Release|Any CPU
		{D16E2F9E-293F-4FAF-9289-5C6FD53348CA}.Debug|Any CPU.ActiveCfg = Debug|Any CPU
		{D16E2F9E-293F-4FAF-9289-5C6FD53348CA}.Debug|Any CPU.Build.0 = Debug|Any CPU
		{D16E2F9E-293F-4FAF-9289-5C6FD53348CA}.Release|Any CPU.ActiveCfg = Release|Any CPU
		{D16E2F9E-293F-4FAF-9289-5C6FD53348CA}.Release|Any CPU.Build.0 = Release|Any CPU
		{A5B3C4D5-E6F7-4A8B-9C0D-1E2F3A4B5C6D}.Debug|Any CPU.ActiveCfg = Debug|Any CPU
		{A5B3C4D5-E6F7-4A8B-9C0D-1E2F3A4B5C6D}.Debug|Any CPU.Build.0 = Debug|Any CPU
		{A5B3C4D5-E6F7-4A8B-9C0D-1E2F3A4B5C6D}.Release|Any CPU.ActiveCfg = Release|Any CPU
		{A5B3C4D5-E6F7-4A8B-9C0D-1E2F3A4B5C6D}.Release|Any CPU.Build.0 = Release|Any CPU
		{596E23AD-8C60-4C41-9DEA-A6EA75BEFCAD}.Debug|Any CPU.ActiveCfg = Debug|Any CPU
		{596E23AD-8C60-4C41-9DEA-A6EA75BEFCAD}.Debug|Any CPU.Build.0 = Debug|Any CPU
		{596E23AD-8C60-4C41-9DEA-A6EA75BEFCAD}.Release|Any CPU.ActiveCfg = Release|Any CPU
		{596E23AD-8C60-4C41-9DEA-A6EA75BEFCAD}.Release|Any CPU.Build.0 = Release|Any CPU
		{3C538E34-A8F1-4E6E-AFFB-5AFE34A8BECA}.Debug|Any CPU.ActiveCfg = Debug|Any CPU
		{3C538E34-A8F1-4E6E-AFFB-5AFE34A8BECA}.Debug|Any CPU.Build.0 = Debug|Any CPU
		{3C538E34-A8F1-4E6E-AFFB-5AFE34A8BECA}.Release|Any CPU.ActiveCfg = Release|Any CPU
		{3C538E34-A8F1-4E6E-AFFB-5AFE34A8BECA}.Release|Any CPU.Build.0 = Release|Any CPU
		{685E6C89-803A-4853-B600-51B324FB618B}.Debug|Any CPU.ActiveCfg = Debug|Any CPU
		{685E6C89-803A-4853-B600-51B324FB618B}.Debug|Any CPU.Build.0 = Debug|Any CPU
		{685E6C89-803A-4853-B600-51B324FB618B}.Release|Any CPU.ActiveCfg = Release|Any CPU
		{685E6C89-803A-4853-B600-51B324FB618B}.Release|Any CPU.Build.0 = Release|Any CPU
	EndGlobalSection
EndGlobal
